github.com/Sirupsen/logrus v0.10.1-0.20160716025631-a283a10442df h1:Wa6YAAs7fcxp/J3UnnYtubJiQSEXXQ7Ofb0DZo4c90g=
github.com/Sirupsen/logrus v0.10.1-0.20160716025631-a283a10442df/go.mod h1:rmk17hk6i8ZSAJkSDa7nOxamrG+SP4P0mm+DAvExv4U=
github.com/beorn7/perks v0.0.0-20160229213445-3ac7bf7a47d1 h1:OnJHjoVbY69GG4gclp0ngXfywigLhR6rrgUxmxQRWO4=
github.com/beorn7/perks v0.0.0-20160229213445-3ac7bf7a47d1/go.mod h1:Dwedo/Wpr24TaqPxmxbtue+5NUziq4I4S80YR8gNf3Q=
github.com/donovanhide/eventsource v0.0.0-20171031113327-3ed64d21fb0b h1:eR1P/A4QMYF2/LpHRhYAts9wyYEtF7qNk/tVNiYCWc8=
github.com/donovanhide/eventsource v0.0.0-20171031113327-3ed64d21fb0b/go.mod h1:56wL82FO0bfMU5RvfXoIwSOP2ggqqxT+tAfNEIyxuHw=
github.com/gambol99/go-marathon v0.5.0/go.mod h1:GLyXJD41gBO/NPKVPGQbhyyC06eugGy15QEZyUkE2/s=
github.com/golang/protobuf v0.0.0-20160727172617-c3cefd437628 h1:7pHhwTuNdftkJfHSHYdnqUF6KIcsv/CKh6K4JNiataA=
github.com/golang/protobuf v0.0.0-20160727172617-c3cefd437628/go.mod h1:6lQm79b+lXiMfvg/cZm0SGofjICqVBUtrP5yJMmIC1U=
github.com/google/go-querystring v1.0.0 h1:Xkwi/a1rcvNg1PPYe5vI8GbeBY/jrVuDX5ASuANWTrk=
github.com/google/go-querystring v1.0.0/go.mod h1:odCYkC5MyYFN7vkCjXpyrEuKhc/BUO6wN/zVPAxq5ck=
github.com/jeffail/gabs v0.9.0 h1:JkRgqfm2/uuTgVxi1pr1RsnKoD4DiT4XltG/e1FRv4Y=
github.com/jeffail/gabs v0.9.0/go.mod h1:4qEQtV3py87F/jKMCb//ZQXJDjJBK5FU2kxdcgxb4iU=
github.com/matt-deboer/go-marathon v0.6.0 h1:04IbPhS3ZnB9Zlqhn/fvJPPceCgjeWWng63Wqxfqq+U=
github.com/matt-deboer/go-marathon v0.6.0/go.mod h1:pA+1CvrFWlP8ar53ZdfNUz9JHYwxv1RUF8A75BWRphc=
github.com/matttproud/golang_protobuf_extensions v1.0.1 h1:4hp9jkHxhMHkqkrB3Ix0jegS5sx/RkqARlsWZ6pIwiU=
github.com/matttproud/golang_protobuf_extensions v1.0.1/go.mod h1:D8He9yQNgCq6Z5Ld7szi9bcBfOoFv/3dc6xSMkL2PC0=
github.com/prometheus/client_golang v0.0.0-20160711222238-28be15864ef9 h1:gGLMt9GtjVzZIqaayYUQPAG8OEXP03o3KaNIrSfFJGw=
github.com/prometheus/client_golang v0.0.0-20160711222238-28be15864ef9/go.mod h1:7SWBe2y4D6OKWSNQJUaRYU/AaXPKyh/dDVn+NZz0KFw=
github.com/prometheus/client_model v0.0.0-20150212101744-fa8ad6fec335 h1:0E/5GnGmzoDCtmzTycjGDWW33H0UBmAhR0h+FC8hWLs=
github.com/prometheus/client_model v0.0.0-20150212101744-fa8ad6fec335/go.mod h1:MbSGuTsp3dbXC40dX6PRTWyKYBIrTGTE9sqQNg2J8bo=
github.com/prometheus/common v0.0.0-20160801171955-ebdfc6da4652 h1:A/LzG6yfGZUKPD+rhVa5CAqQawH8KHuLlZgukD8dxLs=
github.com/prometheus/common v0.0.0-20160801171955-ebdfc6da4652/go.mod h1:daVV7qP5qjZbuso7PdcryaAu0sAZbrN9i7WWcTMWvro=
github.com/prometheus/procfs v0.0.0-20160411190841-abf152e5f3e9 h1:ex32PG6WhE5zviWS08vcXTwX2IkaH9zpeYZZvrmj3/U=
github.com/prometheus/procfs v0.0.0-20160411190841-abf152e5f3e9/go.mod h1:c3At6R/oaqEKCNdg8wHV1ftS6bRYblBhIjjI8uT2IGk=
